// !$*UTF8*$!
{
	archiveVersion = 1;
	classes = {
	};
	objectVersion = 46;
	objects = {

/* Begin PBXBuildFile section */
		1F72378219B2596C00782A44 /* Foundation.framework in Frameworks */ = {isa = PBXBuildFile; fileRef = 1F72378119B2596C00782A44 /* Foundation.framework */; };
		1F72378719B2596C00782A44 /* XDUtils.h in CopyFiles */ = {isa = PBXBuildFile; fileRef = 1F72378619B2596C00782A44 /* XDUtils.h */; };
		1F72378919B2596C00782A44 /* XDUtils.m in Sources */ = {isa = PBXBuildFile; fileRef = 1F72378819B2596C00782A44 /* XDUtils.m */; };
		1F72379019B2596C00782A44 /* XCTest.framework in Frameworks */ = {isa = PBXBuildFile; fileRef = 1F72378F19B2596C00782A44 /* XCTest.framework */; };
		1F72379119B2596C00782A44 /* Foundation.framework in Frameworks */ = {isa = PBXBuildFile; fileRef = 1F72378119B2596C00782A44 /* Foundation.framework */; };
		1F72379319B2596C00782A44 /* UIKit.framework in Frameworks */ = {isa = PBXBuildFile; fileRef = 1F72379219B2596C00782A44 /* UIKit.framework */; };
		1F72379619B2596C00782A44 /* libXDUtils.a in Frameworks */ = {isa = PBXBuildFile; fileRef = 1F72377E19B2596C00782A44 /* libXDUtils.a */; };
		1F72379C19B2596D00782A44 /* InfoPlist.strings in Resources */ = {isa = PBXBuildFile; fileRef = 1F72379A19B2596D00782A44 /* InfoPlist.strings */; };
		1F72379E19B2596D00782A44 /* XDUtilsTests.m in Sources */ = {isa = PBXBuildFile; fileRef = 1F72379D19B2596D00782A44 /* XDUtilsTests.m */; };
		1F7237AB19B25A3700782A44 /* NSString+Base64.m in Sources */ = {isa = PBXBuildFile; fileRef = 1F7237AA19B25A3700782A44 /* NSString+Base64.m */; };
		1F7237AC19B25A3700782A44 /* NSString+Base64.m in Sources */ = {isa = PBXBuildFile; fileRef = 1F7237AA19B25A3700782A44 /* NSString+Base64.m */; };
		1F7237AF19B25A9F00782A44 /* NSData+Base64.m in Sources */ = {isa = PBXBuildFile; fileRef = 1F7237AE19B25A9F00782A44 /* NSData+Base64.m */; };
		1F7237B019B25A9F00782A44 /* NSData+Base64.m in Sources */ = {isa = PBXBuildFile; fileRef = 1F7237AE19B25A9F00782A44 /* NSData+Base64.m */; };
		1F7237B319B25B2300782A44 /* NSData+CommonCrypto.m in Sources */ = {isa = PBXBuildFile; fileRef = 1F7237B219B25B2300782A44 /* NSData+CommonCrypto.m */; };
		1F7237B419B25B2300782A44 /* NSData+CommonCrypto.m in Sources */ = {isa = PBXBuildFile; fileRef = 1F7237B219B25B2300782A44 /* NSData+CommonCrypto.m */; };
		1F7237B719B25BA100782A44 /* AESCryptUtils.m in Sources */ = {isa = PBXBuildFile; fileRef = 1F7237B619B25BA100782A44 /* AESCryptUtils.m */; };
		1F7237B819B25BA100782A44 /* AESCryptUtils.m in Sources */ = {isa = PBXBuildFile; fileRef = 1F7237B619B25BA100782A44 /* AESCryptUtils.m */; };
		6F46650119C9339F00A49B89 /* NSDate+TimeAgo.m in Sources */ = {isa = PBXBuildFile; fileRef = 6F4664FF19C9339F00A49B89 /* NSDate+TimeAgo.m */; };
		6F46650219C9339F00A49B89 /* NSDate+TimeAgo.m in Sources */ = {isa = PBXBuildFile; fileRef = 6F4664FF19C9339F00A49B89 /* NSDate+TimeAgo.m */; };
		6F46650319C9339F00A49B89 /* NSDateTimeAgo.bundle in Resources */ = {isa = PBXBuildFile; fileRef = 6F46650019C9339F00A49B89 /* NSDateTimeAgo.bundle */; };
		6F46652819C9351900A49B89 /* FCActionSheet.m in Sources */ = {isa = PBXBuildFile; fileRef = 6F46650619C9351900A49B89 /* FCActionSheet.m */; };
		6F46652919C9351900A49B89 /* FCActionSheet.m in Sources */ = {isa = PBXBuildFile; fileRef = 6F46650619C9351900A49B89 /* FCActionSheet.m */; };
		6F46652A19C9351900A49B89 /* FCAddToInstapaperActivity.m in Sources */ = {isa = PBXBuildFile; fileRef = 6F46650819C9351900A49B89 /* FCAddToInstapaperActivity.m */; };
		6F46652B19C9351900A49B89 /* FCAddToInstapaperActivity.m in Sources */ = {isa = PBXBuildFile; fileRef = 6F46650819C9351900A49B89 /* FCAddToInstapaperActivity.m */; };
		6F46652C19C9351900A49B89 /* FCAlertView.m in Sources */ = {isa = PBXBuildFile; fileRef = 6F46650A19C9351900A49B89 /* FCAlertView.m */; };
		6F46652D19C9351900A49B89 /* FCAlertView.m in Sources */ = {isa = PBXBuildFile; fileRef = 6F46650A19C9351900A49B89 /* FCAlertView.m */; };
		6F46652E19C9351900A49B89 /* FCNetworkActivityIndicator.m in Sources */ = {isa = PBXBuildFile; fileRef = 6F46650D19C9351900A49B89 /* FCNetworkActivityIndicator.m */; };
		6F46652F19C9351900A49B89 /* FCNetworkActivityIndicator.m in Sources */ = {isa = PBXBuildFile; fileRef = 6F46650D19C9351900A49B89 /* FCNetworkActivityIndicator.m */; };
		6F46653019C9351900A49B89 /* FCNetworkImageLoader.m in Sources */ = {isa = PBXBuildFile; fileRef = 6F46650F19C9351900A49B89 /* FCNetworkImageLoader.m */; };
		6F46653119C9351900A49B89 /* FCNetworkImageLoader.m in Sources */ = {isa = PBXBuildFile; fileRef = 6F46650F19C9351900A49B89 /* FCNetworkImageLoader.m */; };
		6F46653219C9351900A49B89 /* FCOpenInChromeActivity.m in Sources */ = {isa = PBXBuildFile; fileRef = 6F46651119C9351900A49B89 /* FCOpenInChromeActivity.m */; };
		6F46653319C9351900A49B89 /* FCOpenInChromeActivity.m in Sources */ = {isa = PBXBuildFile; fileRef = 6F46651119C9351900A49B89 /* FCOpenInChromeActivity.m */; };
		6F46653419C9351900A49B89 /* FCOpenInSafariActivity.m in Sources */ = {isa = PBXBuildFile; fileRef = 6F46651319C9351900A49B89 /* FCOpenInSafariActivity.m */; };
		6F46653519C9351900A49B89 /* FCOpenInSafariActivity.m in Sources */ = {isa = PBXBuildFile; fileRef = 6F46651319C9351900A49B89 /* FCOpenInSafariActivity.m */; };
		6F46653619C9351900A49B89 /* FCPickerViewController.m in Sources */ = {isa = PBXBuildFile; fileRef = 6F46651519C9351900A49B89 /* FCPickerViewController.m */; };
		6F46653719C9351900A49B89 /* FCPickerViewController.m in Sources */ = {isa = PBXBuildFile; fileRef = 6F46651519C9351900A49B89 /* FCPickerViewController.m */; };
		6F46653819C9351900A49B89 /* FCReachability.m in Sources */ = {isa = PBXBuildFile; fileRef = 6F46651719C9351900A49B89 /* FCReachability.m */; };
		6F46653919C9351900A49B89 /* FCReachability.m in Sources */ = {isa = PBXBuildFile; fileRef = 6F46651719C9351900A49B89 /* FCReachability.m */; };
		6F46653A19C9351900A49B89 /* FCSheetView.m in Sources */ = {isa = PBXBuildFile; fileRef = 6F46651919C9351900A49B89 /* FCSheetView.m */; };
		6F46653B19C9351900A49B89 /* FCSheetView.m in Sources */ = {isa = PBXBuildFile; fileRef = 6F46651919C9351900A49B89 /* FCSheetView.m */; };
		6F46653C19C9351900A49B89 /* NSArray+FCUtilities.m in Sources */ = {isa = PBXBuildFile; fileRef = 6F46651B19C9351900A49B89 /* NSArray+FCUtilities.m */; };
		6F46653D19C9351900A49B89 /* NSArray+FCUtilities.m in Sources */ = {isa = PBXBuildFile; fileRef = 6F46651B19C9351900A49B89 /* NSArray+FCUtilities.m */; };
		6F46653E19C9351900A49B89 /* NSData+FCUtilities.m in Sources */ = {isa = PBXBuildFile; fileRef = 6F46651D19C9351900A49B89 /* NSData+FCUtilities.m */; };
		6F46653F19C9351900A49B89 /* NSData+FCUtilities.m in Sources */ = {isa = PBXBuildFile; fileRef = 6F46651D19C9351900A49B89 /* NSData+FCUtilities.m */; };
		6F46654019C9351900A49B89 /* NSString+FCUtilities.m in Sources */ = {isa = PBXBuildFile; fileRef = 6F46651F19C9351900A49B89 /* NSString+FCUtilities.m */; };
		6F46654119C9351900A49B89 /* NSString+FCUtilities.m in Sources */ = {isa = PBXBuildFile; fileRef = 6F46651F19C9351900A49B89 /* NSString+FCUtilities.m */; };
		6F46654219C9351900A49B89 /* NSURL+FCUtilities.m in Sources */ = {isa = PBXBuildFile; fileRef = 6F46652119C9351900A49B89 /* NSURL+FCUtilities.m */; };
		6F46654319C9351900A49B89 /* NSURL+FCUtilities.m in Sources */ = {isa = PBXBuildFile; fileRef = 6F46652119C9351900A49B89 /* NSURL+FCUtilities.m */; };
		6F46654419C9351900A49B89 /* UIColor+FCUtilities.m in Sources */ = {isa = PBXBuildFile; fileRef = 6F46652319C9351900A49B89 /* UIColor+FCUtilities.m */; };
		6F46654519C9351900A49B89 /* UIColor+FCUtilities.m in Sources */ = {isa = PBXBuildFile; fileRef = 6F46652319C9351900A49B89 /* UIColor+FCUtilities.m */; };
		6F46654619C9351900A49B89 /* UIDevice+FCUtilities.m in Sources */ = {isa = PBXBuildFile; fileRef = 6F46652519C9351900A49B89 /* UIDevice+FCUtilities.m */; };
		6F46654719C9351900A49B89 /* UIDevice+FCUtilities.m in Sources */ = {isa = PBXBuildFile; fileRef = 6F46652519C9351900A49B89 /* UIDevice+FCUtilities.m */; };
		6F46654819C9351900A49B89 /* UIImage+FCUtilities.m in Sources */ = {isa = PBXBuildFile; fileRef = 6F46652719C9351900A49B89 /* UIImage+FCUtilities.m */; };
		6F46654919C9351900A49B89 /* UIImage+FCUtilities.m in Sources */ = {isa = PBXBuildFile; fileRef = 6F46652719C9351900A49B89 /* UIImage+FCUtilities.m */; };
/* End PBXBuildFile section */

/* Begin PBXContainerItemProxy section */
		1F72379419B2596C00782A44 /* PBXContainerItemProxy */ = {
			isa = PBXContainerItemProxy;
			containerPortal = 1F72377619B2596C00782A44 /* Project object */;
			proxyType = 1;
			remoteGlobalIDString = 1F72377D19B2596C00782A44;
			remoteInfo = XDUtils;
		};
/* End PBXContainerItemProxy section */

/* Begin PBXCopyFilesBuildPhase section */
		1F72377C19B2596C00782A44 /* CopyFiles */ = {
			isa = PBXCopyFilesBuildPhase;
			buildActionMask = 2147483647;
			dstPath = "include/$(PRODUCT_NAME)";
			dstSubfolderSpec = 16;
			files = (
				1F72378719B2596C00782A44 /* XDUtils.h in CopyFiles */,
			);
			runOnlyForDeploymentPostprocessing = 0;
		};
/* End PBXCopyFilesBuildPhase section */

/* Begin PBXFileReference section */
		1F72377E19B2596C00782A44 /* libXDUtils.a */ = {isa = PBXFileReference; explicitFileType = archive.ar; includeInIndex = 0; path = libXDUtils.a; sourceTree = BUILT_PRODUCTS_DIR; };
		1F72378119B2596C00782A44 /* Foundation.framework */ = {isa = PBXFileReference; lastKnownFileType = wrapper.framework; name = Foundation.framework; path = System/Library/Frameworks/Foundation.framework; sourceTree = SDKROOT; };
		1F72378519B2596C00782A44 /* XDUtils-Prefix.pch */ = {isa = PBXFileReference; lastKnownFileType = sourcecode.c.h; path = "XDUtils-Prefix.pch"; sourceTree = "<group>"; };
		1F72378619B2596C00782A44 /* XDUtils.h */ = {isa = PBXFileReference; lastKnownFileType = sourcecode.c.h; path = XDUtils.h; sourceTree = "<group>"; };
		1F72378819B2596C00782A44 /* XDUtils.m */ = {isa = PBXFileReference; lastKnownFileType = sourcecode.c.objc; path = XDUtils.m; sourceTree = "<group>"; };
		1F72378E19B2596C00782A44 /* XDUtilsTests.xctest */ = {isa = PBXFileReference; explicitFileType = wrapper.cfbundle; includeInIndex = 0; path = XDUtilsTests.xctest; sourceTree = BUILT_PRODUCTS_DIR; };
		1F72378F19B2596C00782A44 /* XCTest.framework */ = {isa = PBXFileReference; lastKnownFileType = wrapper.framework; name = XCTest.framework; path = Library/Frameworks/XCTest.framework; sourceTree = DEVELOPER_DIR; };
		1F72379219B2596C00782A44 /* UIKit.framework */ = {isa = PBXFileReference; lastKnownFileType = wrapper.framework; name = UIKit.framework; path = Library/Frameworks/UIKit.framework; sourceTree = DEVELOPER_DIR; };
		1F72379919B2596D00782A44 /* XDUtilsTests-Info.plist */ = {isa = PBXFileReference; lastKnownFileType = text.plist.xml; path = "XDUtilsTests-Info.plist"; sourceTree = "<group>"; };
		1F72379B19B2596D00782A44 /* en */ = {isa = PBXFileReference; lastKnownFileType = text.plist.strings; name = en; path = en.lproj/InfoPlist.strings; sourceTree = "<group>"; };
		1F72379D19B2596D00782A44 /* XDUtilsTests.m */ = {isa = PBXFileReference; lastKnownFileType = sourcecode.c.objc; path = XDUtilsTests.m; sourceTree = "<group>"; };
		1F7237A919B25A3700782A44 /* NSString+Base64.h */ = {isa = PBXFileReference; fileEncoding = 4; lastKnownFileType = sourcecode.c.h; path = "NSString+Base64.h"; sourceTree = "<group>"; };
		1F7237AA19B25A3700782A44 /* NSString+Base64.m */ = {isa = PBXFileReference; fileEncoding = 4; lastKnownFileType = sourcecode.c.objc; path = "NSString+Base64.m"; sourceTree = "<group>"; };
		1F7237AD19B25A9F00782A44 /* NSData+Base64.h */ = {isa = PBXFileReference; fileEncoding = 4; lastKnownFileType = sourcecode.c.h; path = "NSData+Base64.h"; sourceTree = "<group>"; };
		1F7237AE19B25A9F00782A44 /* NSData+Base64.m */ = {isa = PBXFileReference; fileEncoding = 4; lastKnownFileType = sourcecode.c.objc; path = "NSData+Base64.m"; sourceTree = "<group>"; };
		1F7237B119B25B2300782A44 /* NSData+CommonCrypto.h */ = {isa = PBXFileReference; fileEncoding = 4; lastKnownFileType = sourcecode.c.h; path = "NSData+CommonCrypto.h"; sourceTree = "<group>"; };
		1F7237B219B25B2300782A44 /* NSData+CommonCrypto.m */ = {isa = PBXFileReference; fileEncoding = 4; lastKnownFileType = sourcecode.c.objc; path = "NSData+CommonCrypto.m"; sourceTree = "<group>"; };
		1F7237B519B25BA100782A44 /* AESCryptUtils.h */ = {isa = PBXFileReference; fileEncoding = 4; lastKnownFileType = sourcecode.c.h; path = AESCryptUtils.h; sourceTree = "<group>"; };
		1F7237B619B25BA100782A44 /* AESCryptUtils.m */ = {isa = PBXFileReference; fileEncoding = 4; lastKnownFileType = sourcecode.c.objc; path = AESCryptUtils.m; sourceTree = "<group>"; };
		1F7237BA19B25C8500782A44 /* AESCrypt.h */ = {isa = PBXFileReference; fileEncoding = 4; lastKnownFileType = sourcecode.c.h; path = AESCrypt.h; sourceTree = "<group>"; };
		6F4664FE19C9339F00A49B89 /* NSDate+TimeAgo.h */ = {isa = PBXFileReference; fileEncoding = 4; lastKnownFileType = sourcecode.c.h; path = "NSDate+TimeAgo.h"; sourceTree = "<group>"; };
		6F4664FF19C9339F00A49B89 /* NSDate+TimeAgo.m */ = {isa = PBXFileReference; fileEncoding = 4; lastKnownFileType = sourcecode.c.objc; path = "NSDate+TimeAgo.m"; sourceTree = "<group>"; };
		6F46650019C9339F00A49B89 /* NSDateTimeAgo.bundle */ = {isa = PBXFileReference; lastKnownFileType = "wrapper.plug-in"; path = NSDateTimeAgo.bundle; sourceTree = "<group>"; };
		6F46650519C9351900A49B89 /* FCActionSheet.h */ = {isa = PBXFileReference; fileEncoding = 4; lastKnownFileType = sourcecode.c.h; path = FCActionSheet.h; sourceTree = "<group>"; };
		6F46650619C9351900A49B89 /* FCActionSheet.m */ = {isa = PBXFileReference; fileEncoding = 4; lastKnownFileType = sourcecode.c.objc; path = FCActionSheet.m; sourceTree = "<group>"; };
		6F46650719C9351900A49B89 /* FCAddToInstapaperActivity.h */ = {isa = PBXFileReference; fileEncoding = 4; lastKnownFileType = sourcecode.c.h; path = FCAddToInstapaperActivity.h; sourceTree = "<group>"; };
		6F46650819C9351900A49B89 /* FCAddToInstapaperActivity.m */ = {isa = PBXFileReference; fileEncoding = 4; lastKnownFileType = sourcecode.c.objc; path = FCAddToInstapaperActivity.m; sourceTree = "<group>"; };
		6F46650919C9351900A49B89 /* FCAlertView.h */ = {isa = PBXFileReference; fileEncoding = 4; lastKnownFileType = sourcecode.c.h; path = FCAlertView.h; sourceTree = "<group>"; };
		6F46650A19C9351900A49B89 /* FCAlertView.m */ = {isa = PBXFileReference; fileEncoding = 4; lastKnownFileType = sourcecode.c.objc; path = FCAlertView.m; sourceTree = "<group>"; };
		6F46650B19C9351900A49B89 /* FCBasics.h */ = {isa = PBXFileReference; fileEncoding = 4; lastKnownFileType = sourcecode.c.h; path = FCBasics.h; sourceTree = "<group>"; };
		6F46650C19C9351900A49B89 /* FCNetworkActivityIndicator.h */ = {isa = PBXFileReference; fileEncoding = 4; lastKnownFileType = sourcecode.c.h; path = FCNetworkActivityIndicator.h; sourceTree = "<group>"; };
		6F46650D19C9351900A49B89 /* FCNetworkActivityIndicator.m */ = {isa = PBXFileReference; fileEncoding = 4; lastKnownFileType = sourcecode.c.objc; path = FCNetworkActivityIndicator.m; sourceTree = "<group>"; };
		6F46650E19C9351900A49B89 /* FCNetworkImageLoader.h */ = {isa = PBXFileReference; fileEncoding = 4; lastKnownFileType = sourcecode.c.h; path = FCNetworkImageLoader.h; sourceTree = "<group>"; };
		6F46650F19C9351900A49B89 /* FCNetworkImageLoader.m */ = {isa = PBXFileReference; fileEncoding = 4; lastKnownFileType = sourcecode.c.objc; path = FCNetworkImageLoader.m; sourceTree = "<group>"; };
		6F46651019C9351900A49B89 /* FCOpenInChromeActivity.h */ = {isa = PBXFileReference; fileEncoding = 4; lastKnownFileType = sourcecode.c.h; path = FCOpenInChromeActivity.h; sourceTree = "<group>"; };
		6F46651119C9351900A49B89 /* FCOpenInChromeActivity.m */ = {isa = PBXFileReference; fileEncoding = 4; lastKnownFileType = sourcecode.c.objc; path = FCOpenInChromeActivity.m; sourceTree = "<group>"; };
		6F46651219C9351900A49B89 /* FCOpenInSafariActivity.h */ = {isa = PBXFileReference; fileEncoding = 4; lastKnownFileType = sourcecode.c.h; path = FCOpenInSafariActivity.h; sourceTree = "<group>"; };
		6F46651319C9351900A49B89 /* FCOpenInSafariActivity.m */ = {isa = PBXFileReference; fileEncoding = 4; lastKnownFileType = sourcecode.c.objc; path = FCOpenInSafariActivity.m; sourceTree = "<group>"; };
		6F46651419C9351900A49B89 /* FCPickerViewController.h */ = {isa = PBXFileReference; fileEncoding = 4; lastKnownFileType = sourcecode.c.h; path = FCPickerViewController.h; sourceTree = "<group>"; };
		6F46651519C9351900A49B89 /* FCPickerViewController.m */ = {isa = PBXFileReference; fileEncoding = 4; lastKnownFileType = sourcecode.c.objc; path = FCPickerViewController.m; sourceTree = "<group>"; };
		6F46651619C9351900A49B89 /* FCReachability.h */ = {isa = PBXFileReference; fileEncoding = 4; lastKnownFileType = sourcecode.c.h; path = FCReachability.h; sourceTree = "<group>"; };
		6F46651719C9351900A49B89 /* FCReachability.m */ = {isa = PBXFileReference; fileEncoding = 4; lastKnownFileType = sourcecode.c.objc; path = FCReachability.m; sourceTree = "<group>"; };
		6F46651819C9351900A49B89 /* FCSheetView.h */ = {isa = PBXFileReference; fileEncoding = 4; lastKnownFileType = sourcecode.c.h; path = FCSheetView.h; sourceTree = "<group>"; };
		6F46651919C9351900A49B89 /* FCSheetView.m */ = {isa = PBXFileReference; fileEncoding = 4; lastKnownFileType = sourcecode.c.objc; path = FCSheetView.m; sourceTree = "<group>"; };
		6F46651A19C9351900A49B89 /* NSArray+FCUtilities.h */ = {isa = PBXFileReference; fileEncoding = 4; lastKnownFileType = sourcecode.c.h; path = "NSArray+FCUtilities.h"; sourceTree = "<group>"; };
		6F46651B19C9351900A49B89 /* NSArray+FCUtilities.m */ = {isa = PBXFileReference; fileEncoding = 4; lastKnownFileType = sourcecode.c.objc; path = "NSArray+FCUtilities.m"; sourceTree = "<group>"; };
		6F46651C19C9351900A49B89 /* NSData+FCUtilities.h */ = {isa = PBXFileReference; fileEncoding = 4; lastKnownFileType = sourcecode.c.h; path = "NSData+FCUtilities.h"; sourceTree = "<group>"; };
		6F46651D19C9351900A49B89 /* NSData+FCUtilities.m */ = {isa = PBXFileReference; fileEncoding = 4; lastKnownFileType = sourcecode.c.objc; path = "NSData+FCUtilities.m"; sourceTree = "<group>"; };
		6F46651E19C9351900A49B89 /* NSString+FCUtilities.h */ = {isa = PBXFileReference; fileEncoding = 4; lastKnownFileType = sourcecode.c.h; path = "NSString+FCUtilities.h"; sourceTree = "<group>"; };
		6F46651F19C9351900A49B89 /* NSString+FCUtilities.m */ = {isa = PBXFileReference; fileEncoding = 4; lastKnownFileType = sourcecode.c.objc; path = "NSString+FCUtilities.m"; sourceTree = "<group>"; };
		6F46652019C9351900A49B89 /* NSURL+FCUtilities.h */ = {isa = PBXFileReference; fileEncoding = 4; lastKnownFileType = sourcecode.c.h; path = "NSURL+FCUtilities.h"; sourceTree = "<group>"; };
		6F46652119C9351900A49B89 /* NSURL+FCUtilities.m */ = {isa = PBXFileReference; fileEncoding = 4; lastKnownFileType = sourcecode.c.objc; path = "NSURL+FCUtilities.m"; sourceTree = "<group>"; };
		6F46652219C9351900A49B89 /* UIColor+FCUtilities.h */ = {isa = PBXFileReference; fileEncoding = 4; lastKnownFileType = sourcecode.c.h; path = "UIColor+FCUtilities.h"; sourceTree = "<group>"; };
		6F46652319C9351900A49B89 /* UIColor+FCUtilities.m */ = {isa = PBXFileReference; fileEncoding = 4; lastKnownFileType = sourcecode.c.objc; path = "UIColor+FCUtilities.m"; sourceTree = "<group>"; };
		6F46652419C9351900A49B89 /* UIDevice+FCUtilities.h */ = {isa = PBXFileReference; fileEncoding = 4; lastKnownFileType = sourcecode.c.h; path = "UIDevice+FCUtilities.h"; sourceTree = "<group>"; };
		6F46652519C9351900A49B89 /* UIDevice+FCUtilities.m */ = {isa = PBXFileReference; fileEncoding = 4; lastKnownFileType = sourcecode.c.objc; path = "UIDevice+FCUtilities.m"; sourceTree = "<group>"; };
		6F46652619C9351900A49B89 /* UIImage+FCUtilities.h */ = {isa = PBXFileReference; fileEncoding = 4; lastKnownFileType = sourcecode.c.h; path = "UIImage+FCUtilities.h"; sourceTree = "<group>"; };
		6F46652719C9351900A49B89 /* UIImage+FCUtilities.m */ = {isa = PBXFileReference; fileEncoding = 4; lastKnownFileType = sourcecode.c.objc; path = "UIImage+FCUtilities.m"; sourceTree = "<group>"; };
/* End PBXFileReference section */

/* Begin PBXFrameworksBuildPhase section */
		1F72377B19B2596C00782A44 /* Frameworks */ = {
			isa = PBXFrameworksBuildPhase;
			buildActionMask = 2147483647;
			files = (
				1F72378219B2596C00782A44 /* Foundation.framework in Frameworks */,
			);
			runOnlyForDeploymentPostprocessing = 0;
		};
		1F72378B19B2596C00782A44 /* Frameworks */ = {
			isa = PBXFrameworksBuildPhase;
			buildActionMask = 2147483647;
			files = (
				1F72379019B2596C00782A44 /* XCTest.framework in Frameworks */,
				1F72379319B2596C00782A44 /* UIKit.framework in Frameworks */,
				1F72379119B2596C00782A44 /* Foundation.framework in Frameworks */,
				1F72379619B2596C00782A44 /* libXDUtils.a in Frameworks */,
			);
			runOnlyForDeploymentPostprocessing = 0;
		};
/* End PBXFrameworksBuildPhase section */

/* Begin PBXGroup section */
		1F72377519B2596C00782A44 = {
			isa = PBXGroup;
			children = (
				1F72378319B2596C00782A44 /* XDUtils */,
				1F72379719B2596C00782A44 /* XDUtilsTests */,
				1F72378019B2596C00782A44 /* Frameworks */,
				1F72377F19B2596C00782A44 /* Products */,
			);
			sourceTree = "<group>";
		};
		1F72377F19B2596C00782A44 /* Products */ = {
			isa = PBXGroup;
			children = (
				1F72377E19B2596C00782A44 /* libXDUtils.a */,
				1F72378E19B2596C00782A44 /* XDUtilsTests.xctest */,
			);
			name = Products;
			sourceTree = "<group>";
		};
		1F72378019B2596C00782A44 /* Frameworks */ = {
			isa = PBXGroup;
			children = (
				1F72378119B2596C00782A44 /* Foundation.framework */,
				1F72378F19B2596C00782A44 /* XCTest.framework */,
				1F72379219B2596C00782A44 /* UIKit.framework */,
			);
			name = Frameworks;
			sourceTree = "<group>";
		};
		1F72378319B2596C00782A44 /* XDUtils */ = {
			isa = PBXGroup;
			children = (
				6F46650419C9351900A49B89 /* FCUtilities */,
				6F4664FD19C9336E00A49B89 /* TimeUtils */,
				1F7237A719B2599800782A44 /* CryptUtils */,
				1F72378619B2596C00782A44 /* XDUtils.h */,
				1F72378819B2596C00782A44 /* XDUtils.m */,
				1F72378419B2596C00782A44 /* Supporting Files */,
			);
			path = XDUtils;
			sourceTree = "<group>";
		};
		1F72378419B2596C00782A44 /* Supporting Files */ = {
			isa = PBXGroup;
			children = (
				1F72378519B2596C00782A44 /* XDUtils-Prefix.pch */,
			);
			name = "Supporting Files";
			sourceTree = "<group>";
		};
		1F72379719B2596C00782A44 /* XDUtilsTests */ = {
			isa = PBXGroup;
			children = (
				1F72379D19B2596D00782A44 /* XDUtilsTests.m */,
				1F72379819B2596D00782A44 /* Supporting Files */,
			);
			path = XDUtilsTests;
			sourceTree = "<group>";
		};
		1F72379819B2596D00782A44 /* Supporting Files */ = {
			isa = PBXGroup;
			children = (
				1F72379919B2596D00782A44 /* XDUtilsTests-Info.plist */,
				1F72379A19B2596D00782A44 /* InfoPlist.strings */,
			);
			name = "Supporting Files";
			sourceTree = "<group>";
		};
		1F7237A719B2599800782A44 /* CryptUtils */ = {
			isa = PBXGroup;
			children = (
				1F7237A819B25A0D00782A44 /* AESCrypt */,
			);
			path = CryptUtils;
			sourceTree = "<group>";
		};
		1F7237A819B25A0D00782A44 /* AESCrypt */ = {
			isa = PBXGroup;
			children = (
				1F7237A919B25A3700782A44 /* NSString+Base64.h */,
				1F7237AA19B25A3700782A44 /* NSString+Base64.m */,
				1F7237AD19B25A9F00782A44 /* NSData+Base64.h */,
				1F7237AE19B25A9F00782A44 /* NSData+Base64.m */,
				1F7237B119B25B2300782A44 /* NSData+CommonCrypto.h */,
				1F7237B219B25B2300782A44 /* NSData+CommonCrypto.m */,
				1F7237B519B25BA100782A44 /* AESCryptUtils.h */,
				1F7237B619B25BA100782A44 /* AESCryptUtils.m */,
				1F7237BA19B25C8500782A44 /* AESCrypt.h */,
			);
			path = AESCrypt;
			sourceTree = "<group>";
		};
		6F4664FD19C9336E00A49B89 /* TimeUtils */ = {
			isa = PBXGroup;
			children = (
				6F4664FE19C9339F00A49B89 /* NSDate+TimeAgo.h */,
				6F4664FF19C9339F00A49B89 /* NSDate+TimeAgo.m */,
				6F46650019C9339F00A49B89 /* NSDateTimeAgo.bundle */,
			);
			path = TimeUtils;
			sourceTree = "<group>";
		};
		6F46650419C9351900A49B89 /* FCUtilities */ = {
			isa = PBXGroup;
			children = (
				6F46650519C9351900A49B89 /* FCActionSheet.h */,
				6F46650619C9351900A49B89 /* FCActionSheet.m */,
				6F46650719C9351900A49B89 /* FCAddToInstapaperActivity.h */,
				6F46650819C9351900A49B89 /* FCAddToInstapaperActivity.m */,
				6F46650919C9351900A49B89 /* FCAlertView.h */,
				6F46650A19C9351900A49B89 /* FCAlertView.m */,
				6F46650B19C9351900A49B89 /* FCBasics.h */,
				6F46650C19C9351900A49B89 /* FCNetworkActivityIndicator.h */,
				6F46650D19C9351900A49B89 /* FCNetworkActivityIndicator.m */,
				6F46650E19C9351900A49B89 /* FCNetworkImageLoader.h */,
				6F46650F19C9351900A49B89 /* FCNetworkImageLoader.m */,
				6F46651019C9351900A49B89 /* FCOpenInChromeActivity.h */,
				6F46651119C9351900A49B89 /* FCOpenInChromeActivity.m */,
				6F46651219C9351900A49B89 /* FCOpenInSafariActivity.h */,
				6F46651319C9351900A49B89 /* FCOpenInSafariActivity.m */,
				6F46651419C9351900A49B89 /* FCPickerViewController.h */,
				6F46651519C9351900A49B89 /* FCPickerViewController.m */,
				6F46651619C9351900A49B89 /* FCReachability.h */,
				6F46651719C9351900A49B89 /* FCReachability.m */,
				6F46651819C9351900A49B89 /* FCSheetView.h */,
				6F46651919C9351900A49B89 /* FCSheetView.m */,
				6F46651A19C9351900A49B89 /* NSArray+FCUtilities.h */,
				6F46651B19C9351900A49B89 /* NSArray+FCUtilities.m */,
				6F46651C19C9351900A49B89 /* NSData+FCUtilities.h */,
				6F46651D19C9351900A49B89 /* NSData+FCUtilities.m */,
				6F46651E19C9351900A49B89 /* NSString+FCUtilities.h */,
				6F46651F19C9351900A49B89 /* NSString+FCUtilities.m */,
				6F46652019C9351900A49B89 /* NSURL+FCUtilities.h */,
				6F46652119C9351900A49B89 /* NSURL+FCUtilities.m */,
				6F46652219C9351900A49B89 /* UIColor+FCUtilities.h */,
				6F46652319C9351900A49B89 /* UIColor+FCUtilities.m */,
				6F46652419C9351900A49B89 /* UIDevice+FCUtilities.h */,
				6F46652519C9351900A49B89 /* UIDevice+FCUtilities.m */,
				6F46652619C9351900A49B89 /* UIImage+FCUtilities.h */,
				6F46652719C9351900A49B89 /* UIImage+FCUtilities.m */,
			);
			path = FCUtilities;
			sourceTree = "<group>";
		};
/* End PBXGroup section */

/* Begin PBXNativeTarget section */
		1F72377D19B2596C00782A44 /* XDUtils */ = {
			isa = PBXNativeTarget;
			buildConfigurationList = 1F7237A119B2596D00782A44 /* Build configuration list for PBXNativeTarget "XDUtils" */;
			buildPhases = (
				1F72377A19B2596C00782A44 /* Sources */,
				1F72377B19B2596C00782A44 /* Frameworks */,
				1F72377C19B2596C00782A44 /* CopyFiles */,
			);
			buildRules = (
			);
			dependencies = (
			);
			name = XDUtils;
			productName = XDUtils;
			productReference = 1F72377E19B2596C00782A44 /* libXDUtils.a */;
			productType = "com.apple.product-type.library.static";
		};
		1F72378D19B2596C00782A44 /* XDUtilsTests */ = {
			isa = PBXNativeTarget;
			buildConfigurationList = 1F7237A419B2596D00782A44 /* Build configuration list for PBXNativeTarget "XDUtilsTests" */;
			buildPhases = (
				1F72378A19B2596C00782A44 /* Sources */,
				1F72378B19B2596C00782A44 /* Frameworks */,
				1F72378C19B2596C00782A44 /* Resources */,
			);
			buildRules = (
			);
			dependencies = (
				1F72379519B2596C00782A44 /* PBXTargetDependency */,
			);
			name = XDUtilsTests;
			productName = XDUtilsTests;
			productReference = 1F72378E19B2596C00782A44 /* XDUtilsTests.xctest */;
			productType = "com.apple.product-type.bundle.unit-test";
		};
/* End PBXNativeTarget section */

/* Begin PBXProject section */
		1F72377619B2596C00782A44 /* Project object */ = {
			isa = PBXProject;
			attributes = {
				LastUpgradeCheck = 0500;
				ORGANIZATIONNAME = "su xinde";
			};
			buildConfigurationList = 1F72377919B2596C00782A44 /* Build configuration list for PBXProject "XDUtils" */;
			compatibilityVersion = "Xcode 3.2";
			developmentRegion = English;
			hasScannedForEncodings = 0;
			knownRegions = (
				en,
			);
			mainGroup = 1F72377519B2596C00782A44;
			productRefGroup = 1F72377F19B2596C00782A44 /* Products */;
			projectDirPath = "";
			projectRoot = "";
			targets = (
				1F72377D19B2596C00782A44 /* XDUtils */,
				1F72378D19B2596C00782A44 /* XDUtilsTests */,
			);
		};
/* End PBXProject section */

/* Begin PBXResourcesBuildPhase section */
		1F72378C19B2596C00782A44 /* Resources */ = {
			isa = PBXResourcesBuildPhase;
			buildActionMask = 2147483647;
			files = (
				1F72379C19B2596D00782A44 /* InfoPlist.strings in Resources */,
				6F46650319C9339F00A49B89 /* NSDateTimeAgo.bundle in Resources */,
			);
			runOnlyForDeploymentPostprocessing = 0;
		};
/* End PBXResourcesBuildPhase section */

/* Begin PBXSourcesBuildPhase section */
		1F72377A19B2596C00782A44 /* Sources */ = {
			isa = PBXSourcesBuildPhase;
			buildActionMask = 2147483647;
			files = (
				6F46653219C9351900A49B89 /* FCOpenInChromeActivity.m in Sources */,
				1F7237B319B25B2300782A44 /* NSData+CommonCrypto.m in Sources */,
				6F46654219C9351900A49B89 /* NSURL+FCUtilities.m in Sources */,
				1F7237B719B25BA100782A44 /* AESCryptUtils.m in Sources */,
				1F7237AB19B25A3700782A44 /* NSString+Base64.m in Sources */,
				6F46654019C9351900A49B89 /* NSString+FCUtilities.m in Sources */,
				6F46653E19C9351900A49B89 /* NSData+FCUtilities.m in Sources */,
				6F46654819C9351900A49B89 /* UIImage+FCUtilities.m in Sources */,
				6F46652819C9351900A49B89 /* FCActionSheet.m in Sources */,
				6F46653A19C9351900A49B89 /* FCSheetView.m in Sources */,
				6F46652E19C9351900A49B89 /* FCNetworkActivityIndicator.m in Sources */,
				6F46653019C9351900A49B89 /* FCNetworkImageLoader.m in Sources */,
				6F46653819C9351900A49B89 /* FCReachability.m in Sources */,
				6F46653619C9351900A49B89 /* FCPickerViewController.m in Sources */,
				6F46653C19C9351900A49B89 /* NSArray+FCUtilities.m in Sources */,
				1F72378919B2596C00782A44 /* XDUtils.m in Sources */,
				6F46654619C9351900A49B89 /* UIDevice+FCUtilities.m in Sources */,
				6F46653419C9351900A49B89 /* FCOpenInSafariActivity.m in Sources */,
				1F7237AF19B25A9F00782A44 /* NSData+Base64.m in Sources */,
				6F46650119C9339F00A49B89 /* NSDate+TimeAgo.m in Sources */,
				6F46652C19C9351900A49B89 /* FCAlertView.m in Sources */,
				6F46654419C9351900A49B89 /* UIColor+FCUtilities.m in Sources */,
				6F46652A19C9351900A49B89 /* FCAddToInstapaperActivity.m in Sources */,
			);
			runOnlyForDeploymentPostprocessing = 0;
		};
		1F72378A19B2596C00782A44 /* Sources */ = {
			isa = PBXSourcesBuildPhase;
			buildActionMask = 2147483647;
			files = (
				6F46653319C9351900A49B89 /* FCOpenInChromeActivity.m in Sources */,
				1F7237B419B25B2300782A44 /* NSData+CommonCrypto.m in Sources */,
				6F46654319C9351900A49B89 /* NSURL+FCUtilities.m in Sources */,
				1F7237B819B25BA100782A44 /* AESCryptUtils.m in Sources */,
				1F7237AC19B25A3700782A44 /* NSString+Base64.m in Sources */,
				6F46654119C9351900A49B89 /* NSString+FCUtilities.m in Sources */,
				6F46653F19C9351900A49B89 /* NSData+FCUtilities.m in Sources */,
				6F46654919C9351900A49B89 /* UIImage+FCUtilities.m in Sources */,
				6F46652919C9351900A49B89 /* FCActionSheet.m in Sources */,
				6F46653B19C9351900A49B89 /* FCSheetView.m in Sources */,
				6F46652F19C9351900A49B89 /* FCNetworkActivityIndicator.m in Sources */,
				6F46653119C9351900A49B89 /* FCNetworkImageLoader.m in Sources */,
				6F46653919C9351900A49B89 /* FCReachability.m in Sources */,
				6F46653719C9351900A49B89 /* FCPickerViewController.m in Sources */,
				6F46653D19C9351900A49B89 /* NSArray+FCUtilities.m in Sources */,
				1F72379E19B2596D00782A44 /* XDUtilsTests.m in Sources */,
				6F46654719C9351900A49B89 /* UIDevice+FCUtilities.m in Sources */,
				6F46653519C9351900A49B89 /* FCOpenInSafariActivity.m in Sources */,
				1F7237B019B25A9F00782A44 /* NSData+Base64.m in Sources */,
				6F46650219C9339F00A49B89 /* NSDate+TimeAgo.m in Sources */,
				6F46652D19C9351900A49B89 /* FCAlertView.m in Sources */,
				6F46654519C9351900A49B89 /* UIColor+FCUtilities.m in Sources */,
				6F46652B19C9351900A49B89 /* FCAddToInstapaperActivity.m in Sources */,
			);
			runOnlyForDeploymentPostprocessing = 0;
		};
/* End PBXSourcesBuildPhase section */

/* Begin PBXTargetDependency section */
		1F72379519B2596C00782A44 /* PBXTargetDependency */ = {
			isa = PBXTargetDependency;
			target = 1F72377D19B2596C00782A44 /* XDUtils */;
			targetProxy = 1F72379419B2596C00782A44 /* PBXContainerItemProxy */;
		};
/* End PBXTargetDependency section */

/* Begin PBXVariantGroup section */
		1F72379A19B2596D00782A44 /* InfoPlist.strings */ = {
			isa = PBXVariantGroup;
			children = (
				1F72379B19B2596D00782A44 /* en */,
			);
			name = InfoPlist.strings;
			sourceTree = "<group>";
		};
/* End PBXVariantGroup section */

/* Begin XCBuildConfiguration section */
		1F72379F19B2596D00782A44 /* Debug */ = {
			isa = XCBuildConfiguration;
			buildSettings = {
				ALWAYS_SEARCH_USER_PATHS = NO;
				ARCHS = "$(ARCHS_STANDARD_INCLUDING_64_BIT)";
				CLANG_CXX_LANGUAGE_STANDARD = "gnu++0x";
				CLANG_CXX_LIBRARY = "libc++";
				CLANG_ENABLE_MODULES = YES;
				CLANG_ENABLE_OBJC_ARC = YES;
				CLANG_WARN_BOOL_CONVERSION = YES;
				CLANG_WARN_CONSTANT_CONVERSION = YES;
				CLANG_WARN_DIRECT_OBJC_ISA_USAGE = YES_ERROR;
				CLANG_WARN_EMPTY_BODY = YES;
				CLANG_WARN_ENUM_CONVERSION = YES;
				CLANG_WARN_INT_CONVERSION = YES;
				CLANG_WARN_OBJC_ROOT_CLASS = YES_ERROR;
				CLANG_WARN__DUPLICATE_METHOD_MATCH = YES;
				COPY_PHASE_STRIP = NO;
				GCC_C_LANGUAGE_STANDARD = gnu99;
				GCC_DYNAMIC_NO_PIC = NO;
				GCC_OPTIMIZATION_LEVEL = 0;
				GCC_PREPROCESSOR_DEFINITIONS = (
					"DEBUG=1",
					"$(inherited)",
				);
				GCC_SYMBOLS_PRIVATE_EXTERN = NO;
				GCC_WARN_64_TO_32_BIT_CONVERSION = YES;
				GCC_WARN_ABOUT_RETURN_TYPE = YES_ERROR;
				GCC_WARN_UNDECLARED_SELECTOR = YES;
				GCC_WARN_UNINITIALIZED_AUTOS = YES;
				GCC_WARN_UNUSED_FUNCTION = YES;
				GCC_WARN_UNUSED_VARIABLE = YES;
				IPHONEOS_DEPLOYMENT_TARGET = 7.0;
				ONLY_ACTIVE_ARCH = YES;
				SDKROOT = iphoneos;
			};
			name = Debug;
		};
		1F7237A019B2596D00782A44 /* Release */ = {
			isa = XCBuildConfiguration;
			buildSettings = {
				ALWAYS_SEARCH_USER_PATHS = NO;
				ARCHS = "$(ARCHS_STANDARD_INCLUDING_64_BIT)";
				CLANG_CXX_LANGUAGE_STANDARD = "gnu++0x";
				CLANG_CXX_LIBRARY = "libc++";
				CLANG_ENABLE_MODULES = YES;
				CLANG_ENABLE_OBJC_ARC = YES;
				CLANG_WARN_BOOL_CONVERSION = YES;
				CLANG_WARN_CONSTANT_CONVERSION = YES;
				CLANG_WARN_DIRECT_OBJC_ISA_USAGE = YES_ERROR;
				CLANG_WARN_EMPTY_BODY = YES;
				CLANG_WARN_ENUM_CONVERSION = YES;
				CLANG_WARN_INT_CONVERSION = YES;
				CLANG_WARN_OBJC_ROOT_CLASS = YES_ERROR;
				CLANG_WARN__DUPLICATE_METHOD_MATCH = YES;
				COPY_PHASE_STRIP = YES;
				ENABLE_NS_ASSERTIONS = NO;
				GCC_C_LANGUAGE_STANDARD = gnu99;
				GCC_WARN_64_TO_32_BIT_CONVERSION = YES;
				GCC_WARN_ABOUT_RETURN_TYPE = YES_ERROR;
				GCC_WARN_UNDECLARED_SELECTOR = YES;
				GCC_WARN_UNINITIALIZED_AUTOS = YES;
				GCC_WARN_UNUSED_FUNCTION = YES;
				GCC_WARN_UNUSED_VARIABLE = YES;
				IPHONEOS_DEPLOYMENT_TARGET = 7.0;
				SDKROOT = iphoneos;
				VALIDATE_PRODUCT = YES;
			};
			name = Release;
		};
		1F7237A219B2596D00782A44 /* Debug */ = {
			isa = XCBuildConfiguration;
			buildSettings = {
				DSTROOT = /tmp/XDUtils.dst;
				GCC_PRECOMPILE_PREFIX_HEADER = YES;
				GCC_PREFIX_HEADER = "XDUtils/XDUtils-Prefix.pch";
				OTHER_LDFLAGS = "-ObjC";
				PRODUCT_NAME = "$(TARGET_NAME)";
				SKIP_INSTALL = YES;
			};
			name = Debug;
		};
		1F7237A319B2596D00782A44 /* Release */ = {
			isa = XCBuildConfiguration;
			buildSettings = {
				DSTROOT = /tmp/XDUtils.dst;
				GCC_PRECOMPILE_PREFIX_HEADER = YES;
				GCC_PREFIX_HEADER = "XDUtils/XDUtils-Prefix.pch";
				OTHER_LDFLAGS = "-ObjC";
				PRODUCT_NAME = "$(TARGET_NAME)";
				SKIP_INSTALL = YES;
			};
			name = Release;
		};
		1F7237A519B2596D00782A44 /* Debug */ = {
			isa = XCBuildConfiguration;
			buildSettings = {
				ARCHS = "$(ARCHS_STANDARD_INCLUDING_64_BIT)";
				FRAMEWORK_SEARCH_PATHS = (
					"$(SDKROOT)/Developer/Library/Frameworks",
					"$(inherited)",
					"$(DEVELOPER_FRAMEWORKS_DIR)",
				);
				GCC_PRECOMPILE_PREFIX_HEADER = YES;
				GCC_PREFIX_HEADER = "XDUtils/XDUtils-Prefix.pch";
				GCC_PREPROCESSOR_DEFINITIONS = (
					"DEBUG=1",
					"$(inherited)",
				);
				INFOPLIST_FILE = "XDUtilsTests/XDUtilsTests-Info.plist";
				PRODUCT_NAME = "$(TARGET_NAME)";
				WRAPPER_EXTENSION = xctest;
			};
			name = Debug;
		};
		1F7237A619B2596D00782A44 /* Release */ = {
			isa = XCBuildConfiguration;
			buildSettings = {
				ARCHS = "$(ARCHS_STANDARD_INCLUDING_64_BIT)";
				FRAMEWORK_SEARCH_PATHS = (
					"$(SDKROOT)/Developer/Library/Frameworks",
					"$(inherited)",
					"$(DEVELOPER_FRAMEWORKS_DIR)",
				);
				GCC_PRECOMPILE_PREFIX_HEADER = YES;
				GCC_PREFIX_HEADER = "XDUtils/XDUtils-Prefix.pch";
				INFOPLIST_FILE = "XDUtilsTests/XDUtilsTests-Info.plist";
				PRODUCT_NAME = "$(TARGET_NAME)";
				WRAPPER_EXTENSION = xctest;
			};
			name = Release;
		};
/* End XCBuildConfiguration section */

/* Begin XCConfigurationList section */
		1F72377919B2596C00782A44 /* Build configuration list for PBXProject "XDUtils" */ = {
			isa = XCConfigurationList;
			buildConfigurations = (
				1F72379F19B2596D00782A44 /* Debug */,
				1F7237A019B2596D00782A44 /* Release */,
			);
			defaultConfigurationIsVisible = 0;
			defaultConfigurationName = Release;
		};
		1F7237A119B2596D00782A44 /* Build configuration list for PBXNativeTarget "XDUtils" */ = {
			isa = XCConfigurationList;
			buildConfigurations = (
				1F7237A219B2596D00782A44 /* Debug */,
				1F7237A319B2596D00782A44 /* Release */,
			);
			defaultConfigurationIsVisible = 0;
			defaultConfigurationName = Release;
		};
		1F7237A419B2596D00782A44 /* Build configuration list for PBXNativeTarget "XDUtilsTests" */ = {
			isa = XCConfigurationList;
			buildConfigurations = (
				1F7237A519B2596D00782A44 /* Debug */,
				1F7237A619B2596D00782A44 /* Release */,
			);
			defaultConfigurationIsVisible = 0;
			defaultConfigurationName = Release;
		};
/* End XCConfigurationList section */
	};
	rootObject = 1F72377619B2596C00782A44 /* Project object */;
}
